
Microsoft Visual Studio Solution File, Format Version 12.00
# Visual Studio 15
VisualStudioVersion = 15.0.27004.2002
MinimumVisualStudioVersion = 10.0.40219.1
Project("{8BC9CEB8-8B4A-11D0-8D11-00A0C91BC942}") = "ZorroDll", "ZorroDll.vcxproj", "{1EACFEAD-9540-4897-9C49-550C35E03CC6}"
EndProject
Global
	GlobalSection(SolutionConfigurationPlatforms) = preSolution
		DebugDLL|x86 = DebugDLL|x86
		DebugLIB|x86 = DebugLIB|x86
		ReleaseDLL|x86 = ReleaseDLL|x86
		ReleaseLIB|x86 = ReleaseLIB|x86
	EndGlobalSection
	GlobalSection(ProjectConfigurationPlatforms) = postSolution
		{1EACFEAD-9540-4897-9C49-550C35E03CC6}.DebugDLL|x86.ActiveCfg = DebugDLL|Win32
		{1EACFEAD-9540-4897-9C49-550C35E03CC6}.DebugDLL|x86.Build.0 = DebugDLL|Win32
		{1EACFEAD-9540-4897-9C49-550C35E03CC6}.DebugLIB|x86.ActiveCfg = DebugLIB|Win32
		{1EACFEAD-9540-4897-9C49-550C35E03CC6}.DebugLIB|x86.Build.0 = DebugLIB|Win32
		{1EACFEAD-9540-4897-9C49-550C35E03CC6}.ReleaseDLL|x86.ActiveCfg = ReleaseDLL|Win32
		{1EACFEAD-9540-4897-9C49-550C35E03CC6}.ReleaseDLL|x86.Build.0 = ReleaseDLL|Win32
		{1EACFEAD-9540-4897-9C49-550C35E03CC6}.ReleaseLIB|x86.ActiveCfg = ReleaseLIB|Win32
		{1EACFEAD-9540-4897-9C49-550C35E03CC6}.ReleaseLIB|x86.Build.0 = ReleaseLIB|Win32
	EndGlobalSection
	GlobalSection(SolutionProperties) = preSolution
		HideSolutionNode = FALSE
	EndGlobalSection
	GlobalSection(ExtensibilityGlobals) = postSolution
		SolutionGuid = {B6A27A6A-4326-441F-BE7B-3A9A838432DB}
	EndGlobalSection
EndGlobal
