<?xml version="1.0" encoding="utf-8"?>
<Project ToolsVersion="4.0" xmlns="http://schemas.microsoft.com/developer/msbuild/2003">
  <ItemGroup>
    <Filter Include="include">
      <UniqueIdentifier>{16cf6bd3-74b3-4e85-ad5c-16a4105c64f5}</UniqueIdentifier>
    </Filter>
    <Filter Include="include\zorro">
      <UniqueIdentifier>{498505c7-fc45-437a-a8ee-9b84faac296b}</UniqueIdentifier>
    </Filter>
    <Filter Include="include\zorro\litec">
      <UniqueIdentifier>{9fcfa6ed-2ce5-49c1-a290-3c026c1754c0}</UniqueIdentifier>
    </Filter>
  </ItemGroup>
  <ItemGroup>
    <ClInclude Include="..\include\zorro\litec\default.h">
      <Filter>include\zorro\litec</Filter>
    </ClInclude>
    <ClInclude Include="..\include\zorro\litec\functions.h">
      <Filter>include\zorro\litec</Filter>
    </ClInclude>
    <ClInclude Include="..\include\zorro\litec\functions_list.h">
      <Filter>include\zorro\litec</Filter>
    </ClInclude>
    <ClInclude Include="..\include\zorro\litec\trading.h">
      <Filter>include\zorro\litec</Filter>
    </ClInclude>
    <ClInclude Include="..\include\zorro\litec\trading_defines.h">
      <Filter>include\zorro\litec</Filter>
    </ClInclude>
    <ClInclude Include="..\include\zorro\litec\trading_types.h">
      <Filter>include\zorro\litec</Filter>
    </ClInclude>
    <ClInclude Include="..\include\zorro\litec\variables.h">
      <Filter>include\zorro\litec</Filter>
    </ClInclude>
    <ClInclude Include="..\include\zorro\enum.h">
      <Filter>include\zorro</Filter>
    </ClInclude>
    <ClInclude Include="..\include\zorro\functions_cpp.h">
      <Filter>include\zorro</Filter>
    </ClInclude>
    <ClInclude Include="..\include\zorro\trading_cpp.h">
      <Filter>include\zorro</Filter>
    </ClInclude>
    <ClInclude Include="..\include\zorro\var.h">
      <Filter>include\zorro</Filter>
    </ClInclude>
    <ClInclude Include="..\include\zorro\variables_cpp.h">
      <Filter>include\zorro</Filter>
    </ClInclude>
    <ClInclude Include="..\include\zorro\variables_list.h">
      <Filter>include\zorro</Filter>
    </ClInclude>
    <ClInclude Include="..\include\zorro.h">
      <Filter>include</Filter>
    </ClInclude>
    <ClInclude Include="..\include\zorro_impl.h">
      <Filter>include</Filter>
    </ClInclude>
    <ClInclude Include="..\include\zorro\common.h">
      <Filter>include\zorro</Filter>
    </ClInclude>
  </ItemGroup>
  <ItemGroup>
    <Natvis Include="ZorroDll.natvis" />
  </ItemGroup>
</Project>